// !$*UTF8*$!
{
	archiveVersion = 1;
	classes = {
	};
	objectVersion = 46;
	objects = {

/* Begin PBXBuildFile section */
<<<<<<< HEAD
		745059F91D4B4A2900D3B173 /* main.m in Sources */ = {isa = PBXBuildFile; fileRef = 745059F81D4B4A2900D3B173 /* main.m */; };
		74505A011D4B4A4700D3B173 /* BSAlgorithm.m in Sources */ = {isa = PBXBuildFile; fileRef = 74505A001D4B4A4700D3B173 /* BSAlgorithm.m */; };
/* End PBXBuildFile section */

/* Begin PBXCopyFilesBuildPhase section */
		745059F31D4B4A2900D3B173 /* CopyFiles */ = {
=======
		745059E31D4B42A200D3B173 /* main.cpp in Sources */ = {isa = PBXBuildFile; fileRef = 745059E21D4B42A200D3B173 /* main.cpp */; };
		745059EB1D4B432E00D3B173 /* BSAlgorithm.m in Sources */ = {isa = PBXBuildFile; fileRef = 745059EA1D4B432E00D3B173 /* BSAlgorithm.m */; };
/* End PBXBuildFile section */

/* Begin PBXCopyFilesBuildPhase section */
		745059DD1D4B42A200D3B173 /* CopyFiles */ = {
>>>>>>> 4b278c354363d63af47398f13fb62018f139a033
			isa = PBXCopyFilesBuildPhase;
			buildActionMask = 2147483647;
			dstPath = /usr/share/man/man1/;
			dstSubfolderSpec = 0;
			files = (
			);
			runOnlyForDeploymentPostprocessing = 1;
		};
/* End PBXCopyFilesBuildPhase section */

/* Begin PBXFileReference section */
<<<<<<< HEAD
		745059F51D4B4A2900D3B173 /* test_binary_search */ = {isa = PBXFileReference; explicitFileType = "compiled.mach-o.executable"; includeInIndex = 0; path = test_binary_search; sourceTree = BUILT_PRODUCTS_DIR; };
		745059F81D4B4A2900D3B173 /* main.m */ = {isa = PBXFileReference; lastKnownFileType = sourcecode.c.objc; path = main.m; sourceTree = "<group>"; };
		745059FF1D4B4A4700D3B173 /* BSAlgorithm.h */ = {isa = PBXFileReference; fileEncoding = 4; lastKnownFileType = sourcecode.c.h; path = BSAlgorithm.h; sourceTree = "<group>"; };
		74505A001D4B4A4700D3B173 /* BSAlgorithm.m */ = {isa = PBXFileReference; fileEncoding = 4; lastKnownFileType = sourcecode.c.objc; path = BSAlgorithm.m; sourceTree = "<group>"; };
/* End PBXFileReference section */

/* Begin PBXFrameworksBuildPhase section */
		745059F21D4B4A2900D3B173 /* Frameworks */ = {
=======
		745059DF1D4B42A200D3B173 /* test_binary_search */ = {isa = PBXFileReference; explicitFileType = "compiled.mach-o.executable"; includeInIndex = 0; path = test_binary_search; sourceTree = BUILT_PRODUCTS_DIR; };
		745059E21D4B42A200D3B173 /* main.cpp */ = {isa = PBXFileReference; lastKnownFileType = sourcecode.cpp.cpp; path = main.cpp; sourceTree = "<group>"; };
		745059E91D4B432E00D3B173 /* BSAlgorithm.h */ = {isa = PBXFileReference; fileEncoding = 4; lastKnownFileType = sourcecode.c.h; path = BSAlgorithm.h; sourceTree = "<group>"; };
		745059EA1D4B432E00D3B173 /* BSAlgorithm.m */ = {isa = PBXFileReference; fileEncoding = 4; lastKnownFileType = sourcecode.c.objc; path = BSAlgorithm.m; sourceTree = "<group>"; };
/* End PBXFileReference section */

/* Begin PBXFrameworksBuildPhase section */
		745059DC1D4B42A200D3B173 /* Frameworks */ = {
>>>>>>> 4b278c354363d63af47398f13fb62018f139a033
			isa = PBXFrameworksBuildPhase;
			buildActionMask = 2147483647;
			files = (
			);
			runOnlyForDeploymentPostprocessing = 0;
		};
/* End PBXFrameworksBuildPhase section */

/* Begin PBXGroup section */
<<<<<<< HEAD
		745059EC1D4B4A2900D3B173 = {
			isa = PBXGroup;
			children = (
				745059F71D4B4A2900D3B173 /* test_binary_search */,
				745059F61D4B4A2900D3B173 /* Products */,
			);
			sourceTree = "<group>";
		};
		745059F61D4B4A2900D3B173 /* Products */ = {
			isa = PBXGroup;
			children = (
				745059F51D4B4A2900D3B173 /* test_binary_search */,
=======
		745059D61D4B42A200D3B173 = {
			isa = PBXGroup;
			children = (
				745059E11D4B42A200D3B173 /* test_binary_search */,
				745059E01D4B42A200D3B173 /* Products */,
			);
			sourceTree = "<group>";
		};
		745059E01D4B42A200D3B173 /* Products */ = {
			isa = PBXGroup;
			children = (
				745059DF1D4B42A200D3B173 /* test_binary_search */,
>>>>>>> 4b278c354363d63af47398f13fb62018f139a033
			);
			name = Products;
			sourceTree = "<group>";
		};
<<<<<<< HEAD
		745059F71D4B4A2900D3B173 /* test_binary_search */ = {
			isa = PBXGroup;
			children = (
				745059F81D4B4A2900D3B173 /* main.m */,
				745059FF1D4B4A4700D3B173 /* BSAlgorithm.h */,
				74505A001D4B4A4700D3B173 /* BSAlgorithm.m */,
=======
		745059E11D4B42A200D3B173 /* test_binary_search */ = {
			isa = PBXGroup;
			children = (
				745059E21D4B42A200D3B173 /* main.cpp */,
				745059E91D4B432E00D3B173 /* BSAlgorithm.h */,
				745059EA1D4B432E00D3B173 /* BSAlgorithm.m */,
>>>>>>> 4b278c354363d63af47398f13fb62018f139a033
			);
			path = test_binary_search;
			sourceTree = "<group>";
		};
/* End PBXGroup section */

/* Begin PBXNativeTarget section */
<<<<<<< HEAD
		745059F41D4B4A2900D3B173 /* test_binary_search */ = {
			isa = PBXNativeTarget;
			buildConfigurationList = 745059FC1D4B4A2900D3B173 /* Build configuration list for PBXNativeTarget "test_binary_search" */;
			buildPhases = (
				745059F11D4B4A2900D3B173 /* Sources */,
				745059F21D4B4A2900D3B173 /* Frameworks */,
				745059F31D4B4A2900D3B173 /* CopyFiles */,
=======
		745059DE1D4B42A200D3B173 /* test_binary_search */ = {
			isa = PBXNativeTarget;
			buildConfigurationList = 745059E61D4B42A200D3B173 /* Build configuration list for PBXNativeTarget "test_binary_search" */;
			buildPhases = (
				745059DB1D4B42A200D3B173 /* Sources */,
				745059DC1D4B42A200D3B173 /* Frameworks */,
				745059DD1D4B42A200D3B173 /* CopyFiles */,
>>>>>>> 4b278c354363d63af47398f13fb62018f139a033
			);
			buildRules = (
			);
			dependencies = (
			);
			name = test_binary_search;
			productName = test_binary_search;
<<<<<<< HEAD
			productReference = 745059F51D4B4A2900D3B173 /* test_binary_search */;
=======
			productReference = 745059DF1D4B42A200D3B173 /* test_binary_search */;
>>>>>>> 4b278c354363d63af47398f13fb62018f139a033
			productType = "com.apple.product-type.tool";
		};
/* End PBXNativeTarget section */

/* Begin PBXProject section */
<<<<<<< HEAD
		745059ED1D4B4A2900D3B173 /* Project object */ = {
=======
		745059D71D4B42A200D3B173 /* Project object */ = {
>>>>>>> 4b278c354363d63af47398f13fb62018f139a033
			isa = PBXProject;
			attributes = {
				LastUpgradeCheck = 0730;
				ORGANIZATIONNAME = testName;
				TargetAttributes = {
<<<<<<< HEAD
					745059F41D4B4A2900D3B173 = {
=======
					745059DE1D4B42A200D3B173 = {
>>>>>>> 4b278c354363d63af47398f13fb62018f139a033
						CreatedOnToolsVersion = 7.3.1;
					};
				};
			};
<<<<<<< HEAD
			buildConfigurationList = 745059F01D4B4A2900D3B173 /* Build configuration list for PBXProject "test_binary_search" */;
=======
			buildConfigurationList = 745059DA1D4B42A200D3B173 /* Build configuration list for PBXProject "test_binary_search" */;
>>>>>>> 4b278c354363d63af47398f13fb62018f139a033
			compatibilityVersion = "Xcode 3.2";
			developmentRegion = English;
			hasScannedForEncodings = 0;
			knownRegions = (
				en,
			);
<<<<<<< HEAD
			mainGroup = 745059EC1D4B4A2900D3B173;
			productRefGroup = 745059F61D4B4A2900D3B173 /* Products */;
			projectDirPath = "";
			projectRoot = "";
			targets = (
				745059F41D4B4A2900D3B173 /* test_binary_search */,
=======
			mainGroup = 745059D61D4B42A200D3B173;
			productRefGroup = 745059E01D4B42A200D3B173 /* Products */;
			projectDirPath = "";
			projectRoot = "";
			targets = (
				745059DE1D4B42A200D3B173 /* test_binary_search */,
>>>>>>> 4b278c354363d63af47398f13fb62018f139a033
			);
		};
/* End PBXProject section */

/* Begin PBXSourcesBuildPhase section */
<<<<<<< HEAD
		745059F11D4B4A2900D3B173 /* Sources */ = {
			isa = PBXSourcesBuildPhase;
			buildActionMask = 2147483647;
			files = (
				74505A011D4B4A4700D3B173 /* BSAlgorithm.m in Sources */,
				745059F91D4B4A2900D3B173 /* main.m in Sources */,
=======
		745059DB1D4B42A200D3B173 /* Sources */ = {
			isa = PBXSourcesBuildPhase;
			buildActionMask = 2147483647;
			files = (
				745059EB1D4B432E00D3B173 /* BSAlgorithm.m in Sources */,
				745059E31D4B42A200D3B173 /* main.cpp in Sources */,
>>>>>>> 4b278c354363d63af47398f13fb62018f139a033
			);
			runOnlyForDeploymentPostprocessing = 0;
		};
/* End PBXSourcesBuildPhase section */

/* Begin XCBuildConfiguration section */
<<<<<<< HEAD
		745059FA1D4B4A2900D3B173 /* Debug */ = {
=======
		745059E41D4B42A200D3B173 /* Debug */ = {
>>>>>>> 4b278c354363d63af47398f13fb62018f139a033
			isa = XCBuildConfiguration;
			buildSettings = {
				ALWAYS_SEARCH_USER_PATHS = NO;
				CLANG_ANALYZER_NONNULL = YES;
				CLANG_CXX_LANGUAGE_STANDARD = "gnu++0x";
				CLANG_CXX_LIBRARY = "libc++";
				CLANG_ENABLE_MODULES = YES;
				CLANG_ENABLE_OBJC_ARC = YES;
				CLANG_WARN_BOOL_CONVERSION = YES;
				CLANG_WARN_CONSTANT_CONVERSION = YES;
				CLANG_WARN_DIRECT_OBJC_ISA_USAGE = YES_ERROR;
				CLANG_WARN_EMPTY_BODY = YES;
				CLANG_WARN_ENUM_CONVERSION = YES;
				CLANG_WARN_INT_CONVERSION = YES;
				CLANG_WARN_OBJC_ROOT_CLASS = YES_ERROR;
				CLANG_WARN_UNREACHABLE_CODE = YES;
				CLANG_WARN__DUPLICATE_METHOD_MATCH = YES;
				CODE_SIGN_IDENTITY = "-";
				COPY_PHASE_STRIP = NO;
				DEBUG_INFORMATION_FORMAT = dwarf;
				ENABLE_STRICT_OBJC_MSGSEND = YES;
				ENABLE_TESTABILITY = YES;
				GCC_C_LANGUAGE_STANDARD = gnu99;
				GCC_DYNAMIC_NO_PIC = NO;
				GCC_NO_COMMON_BLOCKS = YES;
				GCC_OPTIMIZATION_LEVEL = 0;
				GCC_PREPROCESSOR_DEFINITIONS = (
					"DEBUG=1",
					"$(inherited)",
				);
				GCC_WARN_64_TO_32_BIT_CONVERSION = YES;
				GCC_WARN_ABOUT_RETURN_TYPE = YES_ERROR;
				GCC_WARN_UNDECLARED_SELECTOR = YES;
				GCC_WARN_UNINITIALIZED_AUTOS = YES_AGGRESSIVE;
				GCC_WARN_UNUSED_FUNCTION = YES;
				GCC_WARN_UNUSED_VARIABLE = YES;
				MACOSX_DEPLOYMENT_TARGET = 10.11;
				MTL_ENABLE_DEBUG_INFO = YES;
				ONLY_ACTIVE_ARCH = YES;
				SDKROOT = macosx;
			};
			name = Debug;
		};
<<<<<<< HEAD
		745059FB1D4B4A2900D3B173 /* Release */ = {
=======
		745059E51D4B42A200D3B173 /* Release */ = {
>>>>>>> 4b278c354363d63af47398f13fb62018f139a033
			isa = XCBuildConfiguration;
			buildSettings = {
				ALWAYS_SEARCH_USER_PATHS = NO;
				CLANG_ANALYZER_NONNULL = YES;
				CLANG_CXX_LANGUAGE_STANDARD = "gnu++0x";
				CLANG_CXX_LIBRARY = "libc++";
				CLANG_ENABLE_MODULES = YES;
				CLANG_ENABLE_OBJC_ARC = YES;
				CLANG_WARN_BOOL_CONVERSION = YES;
				CLANG_WARN_CONSTANT_CONVERSION = YES;
				CLANG_WARN_DIRECT_OBJC_ISA_USAGE = YES_ERROR;
				CLANG_WARN_EMPTY_BODY = YES;
				CLANG_WARN_ENUM_CONVERSION = YES;
				CLANG_WARN_INT_CONVERSION = YES;
				CLANG_WARN_OBJC_ROOT_CLASS = YES_ERROR;
				CLANG_WARN_UNREACHABLE_CODE = YES;
				CLANG_WARN__DUPLICATE_METHOD_MATCH = YES;
				CODE_SIGN_IDENTITY = "-";
				COPY_PHASE_STRIP = NO;
				DEBUG_INFORMATION_FORMAT = "dwarf-with-dsym";
				ENABLE_NS_ASSERTIONS = NO;
				ENABLE_STRICT_OBJC_MSGSEND = YES;
				GCC_C_LANGUAGE_STANDARD = gnu99;
				GCC_NO_COMMON_BLOCKS = YES;
				GCC_WARN_64_TO_32_BIT_CONVERSION = YES;
				GCC_WARN_ABOUT_RETURN_TYPE = YES_ERROR;
				GCC_WARN_UNDECLARED_SELECTOR = YES;
				GCC_WARN_UNINITIALIZED_AUTOS = YES_AGGRESSIVE;
				GCC_WARN_UNUSED_FUNCTION = YES;
				GCC_WARN_UNUSED_VARIABLE = YES;
				MACOSX_DEPLOYMENT_TARGET = 10.11;
				MTL_ENABLE_DEBUG_INFO = NO;
				SDKROOT = macosx;
			};
			name = Release;
		};
<<<<<<< HEAD
		745059FD1D4B4A2900D3B173 /* Debug */ = {
=======
		745059E71D4B42A200D3B173 /* Debug */ = {
>>>>>>> 4b278c354363d63af47398f13fb62018f139a033
			isa = XCBuildConfiguration;
			buildSettings = {
				PRODUCT_NAME = "$(TARGET_NAME)";
			};
			name = Debug;
		};
<<<<<<< HEAD
		745059FE1D4B4A2900D3B173 /* Release */ = {
=======
		745059E81D4B42A200D3B173 /* Release */ = {
>>>>>>> 4b278c354363d63af47398f13fb62018f139a033
			isa = XCBuildConfiguration;
			buildSettings = {
				PRODUCT_NAME = "$(TARGET_NAME)";
			};
			name = Release;
		};
/* End XCBuildConfiguration section */

/* Begin XCConfigurationList section */
<<<<<<< HEAD
		745059F01D4B4A2900D3B173 /* Build configuration list for PBXProject "test_binary_search" */ = {
			isa = XCConfigurationList;
			buildConfigurations = (
				745059FA1D4B4A2900D3B173 /* Debug */,
				745059FB1D4B4A2900D3B173 /* Release */,
=======
		745059DA1D4B42A200D3B173 /* Build configuration list for PBXProject "test_binary_search" */ = {
			isa = XCConfigurationList;
			buildConfigurations = (
				745059E41D4B42A200D3B173 /* Debug */,
				745059E51D4B42A200D3B173 /* Release */,
>>>>>>> 4b278c354363d63af47398f13fb62018f139a033
			);
			defaultConfigurationIsVisible = 0;
			defaultConfigurationName = Release;
		};
<<<<<<< HEAD
		745059FC1D4B4A2900D3B173 /* Build configuration list for PBXNativeTarget "test_binary_search" */ = {
			isa = XCConfigurationList;
			buildConfigurations = (
				745059FD1D4B4A2900D3B173 /* Debug */,
				745059FE1D4B4A2900D3B173 /* Release */,
=======
		745059E61D4B42A200D3B173 /* Build configuration list for PBXNativeTarget "test_binary_search" */ = {
			isa = XCConfigurationList;
			buildConfigurations = (
				745059E71D4B42A200D3B173 /* Debug */,
				745059E81D4B42A200D3B173 /* Release */,
>>>>>>> 4b278c354363d63af47398f13fb62018f139a033
			);
			defaultConfigurationIsVisible = 0;
		};
/* End XCConfigurationList section */
	};
<<<<<<< HEAD
	rootObject = 745059ED1D4B4A2900D3B173 /* Project object */;
=======
	rootObject = 745059D71D4B42A200D3B173 /* Project object */;
>>>>>>> 4b278c354363d63af47398f13fb62018f139a033
}
